
Microsoft Visual Studio Solution File, Format Version 12.00
# Visual Studio Version 16
VisualStudioVersion = 16.0.30503.244
MinimumVisualStudioVersion = 10.0.40219.1
Project("{9A19103F-16F7-4668-BE54-9A1E7A4F7556}") = "01简单工厂", "01简单工厂\01简单工厂.csproj", "{AB87BCD0-96B1-4C40-BFDE-4A07E613AB8B}"
EndProject
Project("{9A19103F-16F7-4668-BE54-9A1E7A4F7556}") = "02策略模式", "02策略模式\02策略模式.csproj", "{CFF5091E-8B24-43DD-9D22-2B0776F0B396}"
EndProject
Project("{9A19103F-16F7-4668-BE54-9A1E7A4F7556}") = "03装饰模式", "03装饰模式\03装饰模式.csproj", "{F3A03CFF-12FF-4E55-93BF-9FA4B8315E15}"
EndProject
Project("{9A19103F-16F7-4668-BE54-9A1E7A4F7556}") = "04代理模式", "04代理模式\04代理模式.csproj", "{C2B12516-E9EE-4BBD-A068-02F832DDE16A}"
EndProject
Project("{9A19103F-16F7-4668-BE54-9A1E7A4F7556}") = "05工厂方法", "工厂方法\05工厂方法.csproj", "{217F9FCB-95E1-42B1-AA47-445A37A5F77A}"
EndProject
Project("{9A19103F-16F7-4668-BE54-9A1E7A4F7556}") = "06原型模式", "06原型模式\06原型模式.csproj", "{23454F6B-C7FD-4D2A-98A3-B5197216FC6A}"
EndProject
Project("{FAE04EC0-301F-11D3-BF4B-00C04F79EFBC}") = "07方法模板模式", "07方法模板模式\07方法模板模式.csproj", "{C0B724F0-98F5-4F43-97DF-35369A48CB69}"
EndProject
Project("{FAE04EC0-301F-11D3-BF4B-00C04F79EFBC}") = "08外观模式", "08外观模式\08外观模式.csproj", "{ACCF361C-687D-4A74-ADA0-FEF831AF47D6}"
EndProject
Project("{FAE04EC0-301F-11D3-BF4B-00C04F79EFBC}") = "09建造者模式", "09建造者模式\09建造者模式.csproj", "{04FE2ABC-083D-4A3F-B896-A7B7632A9A61}"
EndProject
Project("{FAE04EC0-301F-11D3-BF4B-00C04F79EFBC}") = "10观察者模式", "10观察者模式\10观察者模式.csproj", "{7618A14D-62DF-4087-8F11-4516AFA90CDB}"
EndProject
Global
	GlobalSection(SolutionConfigurationPlatforms) = preSolution
		Debug|Any CPU = Debug|Any CPU
		Release|Any CPU = Release|Any CPU
	EndGlobalSection
	GlobalSection(ProjectConfigurationPlatforms) = postSolution
		{AB87BCD0-96B1-4C40-BFDE-4A07E613AB8B}.Debug|Any CPU.ActiveCfg = Debug|Any CPU
		{AB87BCD0-96B1-4C40-BFDE-4A07E613AB8B}.Debug|Any CPU.Build.0 = Debug|Any CPU
		{AB87BCD0-96B1-4C40-BFDE-4A07E613AB8B}.Release|Any CPU.ActiveCfg = Release|Any CPU
		{AB87BCD0-96B1-4C40-BFDE-4A07E613AB8B}.Release|Any CPU.Build.0 = Release|Any CPU
		{CFF5091E-8B24-43DD-9D22-2B0776F0B396}.Debug|Any CPU.ActiveCfg = Debug|Any CPU
		{CFF5091E-8B24-43DD-9D22-2B0776F0B396}.Debug|Any CPU.Build.0 = Debug|Any CPU
		{CFF5091E-8B24-43DD-9D22-2B0776F0B396}.Release|Any CPU.ActiveCfg = Release|Any CPU
		{CFF5091E-8B24-43DD-9D22-2B0776F0B396}.Release|Any CPU.Build.0 = Release|Any CPU
		{F3A03CFF-12FF-4E55-93BF-9FA4B8315E15}.Debug|Any CPU.ActiveCfg = Debug|Any CPU
		{F3A03CFF-12FF-4E55-93BF-9FA4B8315E15}.Debug|Any CPU.Build.0 = Debug|Any CPU
		{F3A03CFF-12FF-4E55-93BF-9FA4B8315E15}.Release|Any CPU.ActiveCfg = Release|Any CPU
		{F3A03CFF-12FF-4E55-93BF-9FA4B8315E15}.Release|Any CPU.Build.0 = Release|Any CPU
		{C2B12516-E9EE-4BBD-A068-02F832DDE16A}.Debug|Any CPU.ActiveCfg = Debug|Any CPU
		{C2B12516-E9EE-4BBD-A068-02F832DDE16A}.Debug|Any CPU.Build.0 = Debug|Any CPU
		{C2B12516-E9EE-4BBD-A068-02F832DDE16A}.Release|Any CPU.ActiveCfg = Release|Any CPU
		{C2B12516-E9EE-4BBD-A068-02F832DDE16A}.Release|Any CPU.Build.0 = Release|Any CPU
		{217F9FCB-95E1-42B1-AA47-445A37A5F77A}.Debug|Any CPU.ActiveCfg = Debug|Any CPU
		{217F9FCB-95E1-42B1-AA47-445A37A5F77A}.Debug|Any CPU.Build.0 = Debug|Any CPU
		{217F9FCB-95E1-42B1-AA47-445A37A5F77A}.Release|Any CPU.ActiveCfg = Release|Any CPU
		{217F9FCB-95E1-42B1-AA47-445A37A5F77A}.Release|Any CPU.Build.0 = Release|Any CPU
		{23454F6B-C7FD-4D2A-98A3-B5197216FC6A}.Debug|Any CPU.ActiveCfg = Debug|Any CPU
		{23454F6B-C7FD-4D2A-98A3-B5197216FC6A}.Debug|Any CPU.Build.0 = Debug|Any CPU
		{23454F6B-C7FD-4D2A-98A3-B5197216FC6A}.Release|Any CPU.ActiveCfg = Release|Any CPU
		{23454F6B-C7FD-4D2A-98A3-B5197216FC6A}.Release|Any CPU.Build.0 = Release|Any CPU
		{C0B724F0-98F5-4F43-97DF-35369A48CB69}.Debug|Any CPU.ActiveCfg = Debug|Any CPU
		{C0B724F0-98F5-4F43-97DF-35369A48CB69}.Debug|Any CPU.Build.0 = Debug|Any CPU
		{C0B724F0-98F5-4F43-97DF-35369A48CB69}.Release|Any CPU.ActiveCfg = Release|Any CPU
		{C0B724F0-98F5-4F43-97DF-35369A48CB69}.Release|Any CPU.Build.0 = Release|Any CPU
		{ACCF361C-687D-4A74-ADA0-FEF831AF47D6}.Debug|Any CPU.ActiveCfg = Debug|Any CPU
		{ACCF361C-687D-4A74-ADA0-FEF831AF47D6}.Debug|Any CPU.Build.0 = Debug|Any CPU
		{ACCF361C-687D-4A74-ADA0-FEF831AF47D6}.Release|Any CPU.ActiveCfg = Release|Any CPU
		{ACCF361C-687D-4A74-ADA0-FEF831AF47D6}.Release|Any CPU.Build.0 = Release|Any CPU
		{04FE2ABC-083D-4A3F-B896-A7B7632A9A61}.Debug|Any CPU.ActiveCfg = Debug|Any CPU
		{04FE2ABC-083D-4A3F-B896-A7B7632A9A61}.Debug|Any CPU.Build.0 = Debug|Any CPU
		{04FE2ABC-083D-4A3F-B896-A7B7632A9A61}.Release|Any CPU.ActiveCfg = Release|Any CPU
		{04FE2ABC-083D-4A3F-B896-A7B7632A9A61}.Release|Any CPU.Build.0 = Release|Any CPU
		{7618A14D-62DF-4087-8F11-4516AFA90CDB}.Debug|Any CPU.ActiveCfg = Debug|Any CPU
		{7618A14D-62DF-4087-8F11-4516AFA90CDB}.Debug|Any CPU.Build.0 = Debug|Any CPU
		{7618A14D-62DF-4087-8F11-4516AFA90CDB}.Release|Any CPU.ActiveCfg = Release|Any CPU
		{7618A14D-62DF-4087-8F11-4516AFA90CDB}.Release|Any CPU.Build.0 = Release|Any CPU
	EndGlobalSection
	GlobalSection(SolutionProperties) = preSolution
		HideSolutionNode = FALSE
	EndGlobalSection
	GlobalSection(ExtensibilityGlobals) = postSolution
		SolutionGuid = {F454766D-1507-47B0-B774-9E4E0B61931D}
	EndGlobalSection
EndGlobal
